
Microsoft Visual Studio Solution File, Format Version 12.00
Project("{FAE04EC0-301F-11D3-BF4B-00C04F79EFBC}") = "TechnoByteLambders.MediTrackSensor.Platform", "TechnoByteLambders.MediTrackSensor.Platform\TechnoByteLambders.MediTrackSensor.Platform.csproj", "{AC19F0CF-375B-4B15-A956-6C80DA1E9470}"
EndProject
Global
	GlobalSection(SolutionConfigurationPlatforms) = preSolution
		Debug|Any CPU = Debug|Any CPU
		Release|Any CPU = Release|Any CPU
	EndGlobalSection
	GlobalSection(ProjectConfigurationPlatforms) = postSolution
		{AC19F0CF-375B-4B15-A956-6C80DA1E9470}.Debug|Any CPU.ActiveCfg = Debug|Any CPU
		{AC19F0CF-375B-4B15-A956-6C80DA1E9470}.Debug|Any CPU.Build.0 = Debug|Any CPU
		{AC19F0CF-375B-4B15-A956-6C80DA1E9470}.Release|Any CPU.ActiveCfg = Release|Any CPU
		{AC19F0CF-375B-4B15-A956-6C80DA1E9470}.Release|Any CPU.Build.0 = Release|Any CPU
	EndGlobalSection
EndGlobal
